
Microsoft Visual Studio Solution File, Format Version 12.00
# Visual Studio Version 17
VisualStudioVersion = 17.13.35913.81
MinimumVisualStudioVersion = 10.0.40219.1
Project("{FAE04EC0-301F-11D3-BF4B-00C04F79EFBC}") = "Booster.StreamReader", "src\Booster.StreamReader\Booster.StreamReader.csproj", "{24D748C4-A488-47E8-AAC3-3669C2F90C44}"
EndProject
Global
	GlobalSection(SolutionConfigurationPlatforms) = preSolution
		Debug|Any CPU = Debug|Any CPU
		Release|Any CPU = Release|Any CPU
	EndGlobalSection
	GlobalSection(ProjectConfigurationPlatforms) = postSolution
		{24D748C4-A488-47E8-AAC3-3669C2F90C44}.Debug|Any CPU.ActiveCfg = Debug|Any CPU
		{24D748C4-A488-47E8-AAC3-3669C2F90C44}.Debug|Any CPU.Build.0 = Debug|Any CPU
		{24D748C4-A488-47E8-AAC3-3669C2F90C44}.Release|Any CPU.ActiveCfg = Release|Any CPU
		{24D748C4-A488-47E8-AAC3-3669C2F90C44}.Release|Any CPU.Build.0 = Release|Any CPU
	EndGlobalSection
	GlobalSection(SolutionProperties) = preSolution
		HideSolutionNode = FALSE
	EndGlobalSection
	GlobalSection(ExtensibilityGlobals) = postSolution
		SolutionGuid = {61DB42F0-9310-4523-A6B7-C0E81128A431}
	EndGlobalSection
EndGlobal
